
Microsoft Visual Studio Solution File, Format Version 12.00
# Visual Studio Version 16
VisualStudioVersion = 16.0.30225.117
MinimumVisualStudioVersion = 10.0.40219.1
Project("{2150E333-8FDC-42A3-9474-1A3956D46DE8}") = ".nuget", ".nuget", "{213E4596-D290-45DF-A2AA-2122AFEDC905}"
	ProjectSection(SolutionItems) = preProject
		.nuget\NuGet.Config = .nuget\NuGet.Config
		.nuget\NuGet.exe = .nuget\NuGet.exe
		.nuget\NuGet.targets = .nuget\NuGet.targets
	EndProjectSection
EndProject
Project("{2150E333-8FDC-42A3-9474-1A3956D46DE8}") = "eCommerce", "eCommerce", "{6303C36C-5272-4D74-B11B-3C8B132E17F2}"
EndProject
Project("{FAE04EC0-301F-11D3-BF4B-00C04F79EFBC}") = "BAP.eCommerce.Common", "BAP.eCommerce.Common\BAP.eCommerce.Common.csproj", "{4043DC50-6168-4E97-A29F-77126CF1F5BA}"
EndProject
Project("{FAE04EC0-301F-11D3-BF4B-00C04F79EFBC}") = "BAP.eCommerce.DAL", "BAP.eCommerce.DAL\BAP.eCommerce.DAL.csproj", "{84CED2C0-CEC3-409C-9437-F4A5265F02AC}"
EndProject
Project("{FAE04EC0-301F-11D3-BF4B-00C04F79EFBC}") = "BAP.eCommerce.BL", "BAP.eCommerce.BL\BAP.eCommerce.BL.csproj", "{9CB8055E-9FCA-4358-9A83-0D322C6FF2EE}"
EndProject
Project("{FAE04EC0-301F-11D3-BF4B-00C04F79EFBC}") = "BAP.eCommerce.PaypalPaymentProvider", "BAP.eCommerce.PaypalPaymentProvider\BAP.eCommerce.PaypalPaymentProvider.csproj", "{D6DFFA00-E56E-4823-B7BA-51E49C7BA2D4}"
EndProject
Project("{FAE04EC0-301F-11D3-BF4B-00C04F79EFBC}") = "BAP.eCommerce.Resources", "BAP.eCommerce.Resources\BAP.eCommerce.Resources.csproj", "{75A0C359-65C1-4AE6-BC96-343E28E05EBC}"
EndProject
Project("{FAE04EC0-301F-11D3-BF4B-00C04F79EFBC}") = "BAP.eCommerce.USPSShippingProvider", "BAP.eCommerce.USPSShippingProvider\BAP.eCommerce.USPSShippingProvider.csproj", "{7800B6DD-32E5-4296-84B7-E00A6CA80FE5}"
EndProject
Project("{FAE04EC0-301F-11D3-BF4B-00C04F79EFBC}") = "BAP.eCommerce.WorkflowActions", "BAP.eCommerce.WorkflowActions\BAP.eCommerce.WorkflowActions.csproj", "{5BF7A63C-80D6-466F-B744-8694C2046DB2}"
EndProject
Project("{FAE04EC0-301F-11D3-BF4B-00C04F79EFBC}") = "BAP.eCommerce.AuthorizeNetPaymentProvider", "BAP.eCommerce.AuthorizeNetPaymentProvider\BAP.eCommerce.AuthorizeNetPaymentProvider.csproj", "{C9BD232B-FAD5-4F04-BB8F-0D84419C9288}"
EndProject
Project("{FAE04EC0-301F-11D3-BF4B-00C04F79EFBC}") = "BAP.Web", "BAP.Web\BAP.Web.csproj", "{6260C5E1-DEDD-49FF-BBF4-CD5E68F438F8}"
EndProject
Project("{2150E333-8FDC-42A3-9474-1A3956D46DE8}") = "BAP.Lib", "BAP.Lib", "{F74239B8-C54E-491B-A4E2-46599E1357A2}"
EndProject
Project("{FAE04EC0-301F-11D3-BF4B-00C04F79EFBC}") = "BAP.Common", "BAP.Common\BAP.Common.csproj", "{01DCD4D5-FD00-4447-AF2E-85B4C5FBD3F6}"
EndProject
Project("{FAE04EC0-301F-11D3-BF4B-00C04F79EFBC}") = "BAP.DAL", "BAP.DAL\BAP.DAL.csproj", "{FBBB9694-CF15-427A-9AB9-39CC0B6AEA7E}"
EndProject
Project("{FAE04EC0-301F-11D3-BF4B-00C04F79EFBC}") = "BAP.BL", "BAP.BL\BAP.BL.csproj", "{3E43F6CA-8A8B-4944-8F62-0009B2492516}"
EndProject
Project("{FAE04EC0-301F-11D3-BF4B-00C04F79EFBC}") = "BAP.Email", "BAP.Email\BAP.Email.csproj", "{D6D684A0-5F8A-497F-A738-35D57C5ACF35}"
EndProject
Project("{FAE04EC0-301F-11D3-BF4B-00C04F79EFBC}") = "BAP.Lookups", "BAP.Lookups\BAP.Lookups.csproj", "{91F73305-FBC1-4CE9-BA2C-93D44F552722}"
EndProject
Project("{FAE04EC0-301F-11D3-BF4B-00C04F79EFBC}") = "BAP.ContentManagement", "BAP.ContentManagement\BAP.ContentManagement.csproj", "{3C714079-9678-4E1E-A6E4-6EB07D02AD33}"
EndProject
Project("{FAE04EC0-301F-11D3-BF4B-00C04F79EFBC}") = "BAP.FileSystem", "BAP.FileSystem\BAP.FileSystem.csproj", "{33BA442F-0EF9-4E2F-8424-5DBEE4AEAB3A}"
EndProject
Project("{FAE04EC0-301F-11D3-BF4B-00C04F79EFBC}") = "BAP.Log", "BAP.Log\BAP.Log.csproj", "{604A4CE4-92DC-4692-B257-B0DDA86F38C4}"
EndProject
Project("{FAE04EC0-301F-11D3-BF4B-00C04F79EFBC}") = "BAP.UI", "BAP.UI\BAP.UI.csproj", "{90E55E80-F4A9-4E1F-B122-2F4F96572547}"
EndProject
Project("{FAE04EC0-301F-11D3-BF4B-00C04F79EFBC}") = "BAP.Workflow", "BAP.Workflow\BAP.Workflow.csproj", "{A3AA1D79-08D6-490D-BBA5-959A1E91B96D}"
EndProject
Project("{FAE04EC0-301F-11D3-BF4B-00C04F79EFBC}") = "BAP.DB", "BAP.DB\BAP.DB.csproj", "{140BA15F-DC72-4687-BCFE-3C89B8DFA58E}"
EndProject
Project("{FAE04EC0-301F-11D3-BF4B-00C04F79EFBC}") = "BAP.Log4Net", "BAP.Log4Net\BAP.Log4Net.csproj", "{C4785D19-A9A9-43F5-881C-5706987A260B}"
EndProject
Project("{FAE04EC0-301F-11D3-BF4B-00C04F79EFBC}") = "BAP.eCommerce.InStoreShippingProvider", "BAP.eCommerce.InStoreShippingProvider\BAP.eCommerce.InStoreShippingProvider.csproj", "{D723021C-3CC4-4341-A9AC-E4B4C1CB3582}"
EndProject
Project("{FAE04EC0-301F-11D3-BF4B-00C04F79EFBC}") = "BAP.eCommerce.UI", "BAP.eCommerce.UI\BAP.eCommerce.UI.csproj", "{6F676975-D5E7-4F95-AEE7-A32D70F45AD4}"
EndProject
Project("{FAE04EC0-301F-11D3-BF4B-00C04F79EFBC}") = "BAP.SystemScheduledTasks", "BAP.SystemScheduledTasks\BAP.SystemScheduledTasks.csproj", "{9242B34E-3573-4188-9E13-D10946B40C4A}"
EndProject
Project("{FAE04EC0-301F-11D3-BF4B-00C04F79EFBC}") = "BAP.eCommerce.SchedulingTasks", "BAP.eCommerce.SchedulingTasks\BAP.eCommerce.SchedulingTasks.csproj", "{796EDB4E-9B32-4AFE-BA7F-38BCD6096B5B}"
EndProject
Project("{FAE04EC0-301F-11D3-BF4B-00C04F79EFBC}") = "BAP.eCommerce.DataWizards", "BAP.eCommerce.DataWizards\BAP.eCommerce.DataWizards.csproj", "{29E485C4-08B9-47E7-84E3-9690DBC8A9CB}"
EndProject
Project("{FAE04EC0-301F-11D3-BF4B-00C04F79EFBC}") = "BAP.Resources", "BAP.Resources\BAP.Resources.csproj", "{22D6CD05-3AC0-425B-804B-8F94FF448937}"
EndProject
Project("{FAE04EC0-301F-11D3-BF4B-00C04F79EFBC}") = "BAP.eCommerce.SupplierEngine", "BAP.eCommerce.SupplierEngine\BAP.eCommerce.SupplierEngine.csproj", "{749D303E-06A8-4629-BC50-44655F980D52}"
EndProject
Project("{FAE04EC0-301F-11D3-BF4B-00C04F79EFBC}") = "BAP.SelfSetup", "BAP.SelfSetup\BAP.SelfSetup.csproj", "{55DABB39-4C47-40D0-AAB8-69BE5E6AC18B}"
EndProject
Global
	GlobalSection(SolutionConfigurationPlatforms) = preSolution
		Debug|Any CPU = Debug|Any CPU
		Debug|x86 = Debug|x86
		DebugCms|Any CPU = DebugCms|Any CPU
		DebugCms|x86 = DebugCms|x86
		Dev|Any CPU = Dev|Any CPU
		Dev|x86 = Dev|x86
		Release|Any CPU = Release|Any CPU
		Release|x86 = Release|x86
	EndGlobalSection
	GlobalSection(ProjectConfigurationPlatforms) = postSolution
		{4043DC50-6168-4E97-A29F-77126CF1F5BA}.Debug|Any CPU.ActiveCfg = Debug|Any CPU
		{4043DC50-6168-4E97-A29F-77126CF1F5BA}.Debug|Any CPU.Build.0 = Debug|Any CPU
		{4043DC50-6168-4E97-A29F-77126CF1F5BA}.Debug|x86.ActiveCfg = Debug|Any CPU
		{4043DC50-6168-4E97-A29F-77126CF1F5BA}.Debug|x86.Build.0 = Debug|Any CPU
		{4043DC50-6168-4E97-A29F-77126CF1F5BA}.DebugCms|Any CPU.ActiveCfg = Debug|Any CPU
		{4043DC50-6168-4E97-A29F-77126CF1F5BA}.DebugCms|Any CPU.Build.0 = Debug|Any CPU
		{4043DC50-6168-4E97-A29F-77126CF1F5BA}.DebugCms|x86.ActiveCfg = Debug|Any CPU
		{4043DC50-6168-4E97-A29F-77126CF1F5BA}.DebugCms|x86.Build.0 = Debug|Any CPU
		{4043DC50-6168-4E97-A29F-77126CF1F5BA}.Dev|Any CPU.ActiveCfg = Dev|Any CPU
		{4043DC50-6168-4E97-A29F-77126CF1F5BA}.Dev|Any CPU.Build.0 = Dev|Any CPU
		{4043DC50-6168-4E97-A29F-77126CF1F5BA}.Dev|x86.ActiveCfg = Dev|Any CPU
		{4043DC50-6168-4E97-A29F-77126CF1F5BA}.Dev|x86.Build.0 = Dev|Any CPU
		{4043DC50-6168-4E97-A29F-77126CF1F5BA}.Release|Any CPU.ActiveCfg = Release|Any CPU
		{4043DC50-6168-4E97-A29F-77126CF1F5BA}.Release|Any CPU.Build.0 = Release|Any CPU
		{4043DC50-6168-4E97-A29F-77126CF1F5BA}.Release|x86.ActiveCfg = Release|Any CPU
		{4043DC50-6168-4E97-A29F-77126CF1F5BA}.Release|x86.Build.0 = Release|Any CPU
		{84CED2C0-CEC3-409C-9437-F4A5265F02AC}.Debug|Any CPU.ActiveCfg = Debug|Any CPU
		{84CED2C0-CEC3-409C-9437-F4A5265F02AC}.Debug|Any CPU.Build.0 = Debug|Any CPU
		{84CED2C0-CEC3-409C-9437-F4A5265F02AC}.Debug|x86.ActiveCfg = Debug|Any CPU
		{84CED2C0-CEC3-409C-9437-F4A5265F02AC}.Debug|x86.Build.0 = Debug|Any CPU
		{84CED2C0-CEC3-409C-9437-F4A5265F02AC}.DebugCms|Any CPU.ActiveCfg = Debug|Any CPU
		{84CED2C0-CEC3-409C-9437-F4A5265F02AC}.DebugCms|Any CPU.Build.0 = Debug|Any CPU
		{84CED2C0-CEC3-409C-9437-F4A5265F02AC}.DebugCms|x86.ActiveCfg = Debug|Any CPU
		{84CED2C0-CEC3-409C-9437-F4A5265F02AC}.DebugCms|x86.Build.0 = Debug|Any CPU
		{84CED2C0-CEC3-409C-9437-F4A5265F02AC}.Dev|Any CPU.ActiveCfg = Dev|Any CPU
		{84CED2C0-CEC3-409C-9437-F4A5265F02AC}.Dev|Any CPU.Build.0 = Dev|Any CPU
		{84CED2C0-CEC3-409C-9437-F4A5265F02AC}.Dev|x86.ActiveCfg = Dev|Any CPU
		{84CED2C0-CEC3-409C-9437-F4A5265F02AC}.Dev|x86.Build.0 = Dev|Any CPU
		{84CED2C0-CEC3-409C-9437-F4A5265F02AC}.Release|Any CPU.ActiveCfg = Release|Any CPU
		{84CED2C0-CEC3-409C-9437-F4A5265F02AC}.Release|Any CPU.Build.0 = Release|Any CPU
		{84CED2C0-CEC3-409C-9437-F4A5265F02AC}.Release|x86.ActiveCfg = Release|Any CPU
		{84CED2C0-CEC3-409C-9437-F4A5265F02AC}.Release|x86.Build.0 = Release|Any CPU
		{9CB8055E-9FCA-4358-9A83-0D322C6FF2EE}.Debug|Any CPU.ActiveCfg = Debug|Any CPU
		{9CB8055E-9FCA-4358-9A83-0D322C6FF2EE}.Debug|Any CPU.Build.0 = Debug|Any CPU
		{9CB8055E-9FCA-4358-9A83-0D322C6FF2EE}.Debug|x86.ActiveCfg = Debug|Any CPU
		{9CB8055E-9FCA-4358-9A83-0D322C6FF2EE}.Debug|x86.Build.0 = Debug|Any CPU
		{9CB8055E-9FCA-4358-9A83-0D322C6FF2EE}.DebugCms|Any CPU.ActiveCfg = Debug|Any CPU
		{9CB8055E-9FCA-4358-9A83-0D322C6FF2EE}.DebugCms|Any CPU.Build.0 = Debug|Any CPU
		{9CB8055E-9FCA-4358-9A83-0D322C6FF2EE}.DebugCms|x86.ActiveCfg = Debug|Any CPU
		{9CB8055E-9FCA-4358-9A83-0D322C6FF2EE}.DebugCms|x86.Build.0 = Debug|Any CPU
		{9CB8055E-9FCA-4358-9A83-0D322C6FF2EE}.Dev|Any CPU.ActiveCfg = Dev|Any CPU
		{9CB8055E-9FCA-4358-9A83-0D322C6FF2EE}.Dev|Any CPU.Build.0 = Dev|Any CPU
		{9CB8055E-9FCA-4358-9A83-0D322C6FF2EE}.Dev|x86.ActiveCfg = Dev|Any CPU
		{9CB8055E-9FCA-4358-9A83-0D322C6FF2EE}.Dev|x86.Build.0 = Dev|Any CPU
		{9CB8055E-9FCA-4358-9A83-0D322C6FF2EE}.Release|Any CPU.ActiveCfg = Release|Any CPU
		{9CB8055E-9FCA-4358-9A83-0D322C6FF2EE}.Release|Any CPU.Build.0 = Release|Any CPU
		{9CB8055E-9FCA-4358-9A83-0D322C6FF2EE}.Release|x86.ActiveCfg = Release|Any CPU
		{9CB8055E-9FCA-4358-9A83-0D322C6FF2EE}.Release|x86.Build.0 = Release|Any CPU
		{D6DFFA00-E56E-4823-B7BA-51E49C7BA2D4}.Debug|Any CPU.ActiveCfg = Debug|Any CPU
		{D6DFFA00-E56E-4823-B7BA-51E49C7BA2D4}.Debug|Any CPU.Build.0 = Debug|Any CPU
		{D6DFFA00-E56E-4823-B7BA-51E49C7BA2D4}.Debug|x86.ActiveCfg = Debug|Any CPU
		{D6DFFA00-E56E-4823-B7BA-51E49C7BA2D4}.Debug|x86.Build.0 = Debug|Any CPU
		{D6DFFA00-E56E-4823-B7BA-51E49C7BA2D4}.DebugCms|Any CPU.ActiveCfg = Debug|Any CPU
		{D6DFFA00-E56E-4823-B7BA-51E49C7BA2D4}.DebugCms|Any CPU.Build.0 = Debug|Any CPU
		{D6DFFA00-E56E-4823-B7BA-51E49C7BA2D4}.DebugCms|x86.ActiveCfg = Debug|Any CPU
		{D6DFFA00-E56E-4823-B7BA-51E49C7BA2D4}.DebugCms|x86.Build.0 = Debug|Any CPU
		{D6DFFA00-E56E-4823-B7BA-51E49C7BA2D4}.Dev|Any CPU.ActiveCfg = Dev|Any CPU
		{D6DFFA00-E56E-4823-B7BA-51E49C7BA2D4}.Dev|Any CPU.Build.0 = Dev|Any CPU
		{D6DFFA00-E56E-4823-B7BA-51E49C7BA2D4}.Dev|x86.ActiveCfg = Dev|Any CPU
		{D6DFFA00-E56E-4823-B7BA-51E49C7BA2D4}.Dev|x86.Build.0 = Dev|Any CPU
		{D6DFFA00-E56E-4823-B7BA-51E49C7BA2D4}.Release|Any CPU.ActiveCfg = Release|Any CPU
		{D6DFFA00-E56E-4823-B7BA-51E49C7BA2D4}.Release|Any CPU.Build.0 = Release|Any CPU
		{D6DFFA00-E56E-4823-B7BA-51E49C7BA2D4}.Release|x86.ActiveCfg = Release|Any CPU
		{D6DFFA00-E56E-4823-B7BA-51E49C7BA2D4}.Release|x86.Build.0 = Release|Any CPU
		{75A0C359-65C1-4AE6-BC96-343E28E05EBC}.Debug|Any CPU.ActiveCfg = Debug|Any CPU
		{75A0C359-65C1-4AE6-BC96-343E28E05EBC}.Debug|Any CPU.Build.0 = Debug|Any CPU
		{75A0C359-65C1-4AE6-BC96-343E28E05EBC}.Debug|x86.ActiveCfg = Debug|Any CPU
		{75A0C359-65C1-4AE6-BC96-343E28E05EBC}.Debug|x86.Build.0 = Debug|Any CPU
		{75A0C359-65C1-4AE6-BC96-343E28E05EBC}.DebugCms|Any CPU.ActiveCfg = Debug|Any CPU
		{75A0C359-65C1-4AE6-BC96-343E28E05EBC}.DebugCms|Any CPU.Build.0 = Debug|Any CPU
		{75A0C359-65C1-4AE6-BC96-343E28E05EBC}.DebugCms|x86.ActiveCfg = Debug|Any CPU
		{75A0C359-65C1-4AE6-BC96-343E28E05EBC}.DebugCms|x86.Build.0 = Debug|Any CPU
		{75A0C359-65C1-4AE6-BC96-343E28E05EBC}.Dev|Any CPU.ActiveCfg = Dev|Any CPU
		{75A0C359-65C1-4AE6-BC96-343E28E05EBC}.Dev|Any CPU.Build.0 = Dev|Any CPU
		{75A0C359-65C1-4AE6-BC96-343E28E05EBC}.Dev|x86.ActiveCfg = Dev|Any CPU
		{75A0C359-65C1-4AE6-BC96-343E28E05EBC}.Dev|x86.Build.0 = Dev|Any CPU
		{75A0C359-65C1-4AE6-BC96-343E28E05EBC}.Release|Any CPU.ActiveCfg = Release|Any CPU
		{75A0C359-65C1-4AE6-BC96-343E28E05EBC}.Release|Any CPU.Build.0 = Release|Any CPU
		{75A0C359-65C1-4AE6-BC96-343E28E05EBC}.Release|x86.ActiveCfg = Release|Any CPU
		{75A0C359-65C1-4AE6-BC96-343E28E05EBC}.Release|x86.Build.0 = Release|Any CPU
		{7800B6DD-32E5-4296-84B7-E00A6CA80FE5}.Debug|Any CPU.ActiveCfg = Debug|Any CPU
		{7800B6DD-32E5-4296-84B7-E00A6CA80FE5}.Debug|Any CPU.Build.0 = Debug|Any CPU
		{7800B6DD-32E5-4296-84B7-E00A6CA80FE5}.Debug|x86.ActiveCfg = Debug|Any CPU
		{7800B6DD-32E5-4296-84B7-E00A6CA80FE5}.Debug|x86.Build.0 = Debug|Any CPU
		{7800B6DD-32E5-4296-84B7-E00A6CA80FE5}.DebugCms|Any CPU.ActiveCfg = Debug|Any CPU
		{7800B6DD-32E5-4296-84B7-E00A6CA80FE5}.DebugCms|Any CPU.Build.0 = Debug|Any CPU
		{7800B6DD-32E5-4296-84B7-E00A6CA80FE5}.DebugCms|x86.ActiveCfg = Debug|Any CPU
		{7800B6DD-32E5-4296-84B7-E00A6CA80FE5}.DebugCms|x86.Build.0 = Debug|Any CPU
		{7800B6DD-32E5-4296-84B7-E00A6CA80FE5}.Dev|Any CPU.ActiveCfg = Dev|Any CPU
		{7800B6DD-32E5-4296-84B7-E00A6CA80FE5}.Dev|Any CPU.Build.0 = Dev|Any CPU
		{7800B6DD-32E5-4296-84B7-E00A6CA80FE5}.Dev|x86.ActiveCfg = Dev|Any CPU
		{7800B6DD-32E5-4296-84B7-E00A6CA80FE5}.Dev|x86.Build.0 = Dev|Any CPU
		{7800B6DD-32E5-4296-84B7-E00A6CA80FE5}.Release|Any CPU.ActiveCfg = Release|Any CPU
		{7800B6DD-32E5-4296-84B7-E00A6CA80FE5}.Release|Any CPU.Build.0 = Release|Any CPU
		{7800B6DD-32E5-4296-84B7-E00A6CA80FE5}.Release|x86.ActiveCfg = Release|Any CPU
		{7800B6DD-32E5-4296-84B7-E00A6CA80FE5}.Release|x86.Build.0 = Release|Any CPU
		{5BF7A63C-80D6-466F-B744-8694C2046DB2}.Debug|Any CPU.ActiveCfg = Debug|Any CPU
		{5BF7A63C-80D6-466F-B744-8694C2046DB2}.Debug|Any CPU.Build.0 = Debug|Any CPU
		{5BF7A63C-80D6-466F-B744-8694C2046DB2}.Debug|x86.ActiveCfg = Debug|Any CPU
		{5BF7A63C-80D6-466F-B744-8694C2046DB2}.Debug|x86.Build.0 = Debug|Any CPU
		{5BF7A63C-80D6-466F-B744-8694C2046DB2}.DebugCms|Any CPU.ActiveCfg = Debug|Any CPU
		{5BF7A63C-80D6-466F-B744-8694C2046DB2}.DebugCms|Any CPU.Build.0 = Debug|Any CPU
		{5BF7A63C-80D6-466F-B744-8694C2046DB2}.DebugCms|x86.ActiveCfg = Debug|Any CPU
		{5BF7A63C-80D6-466F-B744-8694C2046DB2}.DebugCms|x86.Build.0 = Debug|Any CPU
		{5BF7A63C-80D6-466F-B744-8694C2046DB2}.Dev|Any CPU.ActiveCfg = Dev|Any CPU
		{5BF7A63C-80D6-466F-B744-8694C2046DB2}.Dev|Any CPU.Build.0 = Dev|Any CPU
		{5BF7A63C-80D6-466F-B744-8694C2046DB2}.Dev|x86.ActiveCfg = Dev|Any CPU
		{5BF7A63C-80D6-466F-B744-8694C2046DB2}.Dev|x86.Build.0 = Dev|Any CPU
		{5BF7A63C-80D6-466F-B744-8694C2046DB2}.Release|Any CPU.ActiveCfg = Release|Any CPU
		{5BF7A63C-80D6-466F-B744-8694C2046DB2}.Release|Any CPU.Build.0 = Release|Any CPU
		{5BF7A63C-80D6-466F-B744-8694C2046DB2}.Release|x86.ActiveCfg = Release|Any CPU
		{5BF7A63C-80D6-466F-B744-8694C2046DB2}.Release|x86.Build.0 = Release|Any CPU
		{C9BD232B-FAD5-4F04-BB8F-0D84419C9288}.Debug|Any CPU.ActiveCfg = Debug|Any CPU
		{C9BD232B-FAD5-4F04-BB8F-0D84419C9288}.Debug|Any CPU.Build.0 = Debug|Any CPU
		{C9BD232B-FAD5-4F04-BB8F-0D84419C9288}.Debug|x86.ActiveCfg = Debug|Any CPU
		{C9BD232B-FAD5-4F04-BB8F-0D84419C9288}.Debug|x86.Build.0 = Debug|Any CPU
		{C9BD232B-FAD5-4F04-BB8F-0D84419C9288}.DebugCms|Any CPU.ActiveCfg = Debug|Any CPU
		{C9BD232B-FAD5-4F04-BB8F-0D84419C9288}.DebugCms|Any CPU.Build.0 = Debug|Any CPU
		{C9BD232B-FAD5-4F04-BB8F-0D84419C9288}.DebugCms|x86.ActiveCfg = Debug|Any CPU
		{C9BD232B-FAD5-4F04-BB8F-0D84419C9288}.DebugCms|x86.Build.0 = Debug|Any CPU
		{C9BD232B-FAD5-4F04-BB8F-0D84419C9288}.Dev|Any CPU.ActiveCfg = Dev|Any CPU
		{C9BD232B-FAD5-4F04-BB8F-0D84419C9288}.Dev|Any CPU.Build.0 = Dev|Any CPU
		{C9BD232B-FAD5-4F04-BB8F-0D84419C9288}.Dev|x86.ActiveCfg = Dev|Any CPU
		{C9BD232B-FAD5-4F04-BB8F-0D84419C9288}.Dev|x86.Build.0 = Dev|Any CPU
		{C9BD232B-FAD5-4F04-BB8F-0D84419C9288}.Release|Any CPU.ActiveCfg = Release|Any CPU
		{C9BD232B-FAD5-4F04-BB8F-0D84419C9288}.Release|Any CPU.Build.0 = Release|Any CPU
		{C9BD232B-FAD5-4F04-BB8F-0D84419C9288}.Release|x86.ActiveCfg = Release|Any CPU
		{C9BD232B-FAD5-4F04-BB8F-0D84419C9288}.Release|x86.Build.0 = Release|Any CPU
		{6260C5E1-DEDD-49FF-BBF4-CD5E68F438F8}.Debug|Any CPU.ActiveCfg = Debug|Any CPU
		{6260C5E1-DEDD-49FF-BBF4-CD5E68F438F8}.Debug|Any CPU.Build.0 = Debug|Any CPU
		{6260C5E1-DEDD-49FF-BBF4-CD5E68F438F8}.Debug|x86.ActiveCfg = Debug|Any CPU
		{6260C5E1-DEDD-49FF-BBF4-CD5E68F438F8}.Debug|x86.Build.0 = Debug|Any CPU
		{6260C5E1-DEDD-49FF-BBF4-CD5E68F438F8}.DebugCms|Any CPU.ActiveCfg = Debug|Any CPU
		{6260C5E1-DEDD-49FF-BBF4-CD5E68F438F8}.DebugCms|Any CPU.Build.0 = Debug|Any CPU
		{6260C5E1-DEDD-49FF-BBF4-CD5E68F438F8}.DebugCms|x86.ActiveCfg = Debug|Any CPU
		{6260C5E1-DEDD-49FF-BBF4-CD5E68F438F8}.DebugCms|x86.Build.0 = Debug|Any CPU
		{6260C5E1-DEDD-49FF-BBF4-CD5E68F438F8}.Dev|Any CPU.ActiveCfg = Dev|Any CPU
		{6260C5E1-DEDD-49FF-BBF4-CD5E68F438F8}.Dev|Any CPU.Build.0 = Dev|Any CPU
		{6260C5E1-DEDD-49FF-BBF4-CD5E68F438F8}.Dev|x86.ActiveCfg = Dev|Any CPU
		{6260C5E1-DEDD-49FF-BBF4-CD5E68F438F8}.Dev|x86.Build.0 = Dev|Any CPU
		{6260C5E1-DEDD-49FF-BBF4-CD5E68F438F8}.Release|Any CPU.ActiveCfg = Release|Any CPU
		{6260C5E1-DEDD-49FF-BBF4-CD5E68F438F8}.Release|Any CPU.Build.0 = Release|Any CPU
		{6260C5E1-DEDD-49FF-BBF4-CD5E68F438F8}.Release|x86.ActiveCfg = Release|Any CPU
		{6260C5E1-DEDD-49FF-BBF4-CD5E68F438F8}.Release|x86.Build.0 = Release|Any CPU
		{01DCD4D5-FD00-4447-AF2E-85B4C5FBD3F6}.Debug|Any CPU.ActiveCfg = Debug|Any CPU
		{01DCD4D5-FD00-4447-AF2E-85B4C5FBD3F6}.Debug|Any CPU.Build.0 = Debug|Any CPU
		{01DCD4D5-FD00-4447-AF2E-85B4C5FBD3F6}.Debug|x86.ActiveCfg = Debug|Any CPU
		{01DCD4D5-FD00-4447-AF2E-85B4C5FBD3F6}.Debug|x86.Build.0 = Debug|Any CPU
		{01DCD4D5-FD00-4447-AF2E-85B4C5FBD3F6}.DebugCms|Any CPU.ActiveCfg = DebugCms|Any CPU
		{01DCD4D5-FD00-4447-AF2E-85B4C5FBD3F6}.DebugCms|Any CPU.Build.0 = DebugCms|Any CPU
		{01DCD4D5-FD00-4447-AF2E-85B4C5FBD3F6}.DebugCms|x86.ActiveCfg = DebugCms|Any CPU
		{01DCD4D5-FD00-4447-AF2E-85B4C5FBD3F6}.DebugCms|x86.Build.0 = DebugCms|Any CPU
		{01DCD4D5-FD00-4447-AF2E-85B4C5FBD3F6}.Dev|Any CPU.ActiveCfg = Dev|Any CPU
		{01DCD4D5-FD00-4447-AF2E-85B4C5FBD3F6}.Dev|Any CPU.Build.0 = Dev|Any CPU
		{01DCD4D5-FD00-4447-AF2E-85B4C5FBD3F6}.Dev|x86.ActiveCfg = Dev|Any CPU
		{01DCD4D5-FD00-4447-AF2E-85B4C5FBD3F6}.Dev|x86.Build.0 = Dev|Any CPU
		{01DCD4D5-FD00-4447-AF2E-85B4C5FBD3F6}.Release|Any CPU.ActiveCfg = Release|Any CPU
		{01DCD4D5-FD00-4447-AF2E-85B4C5FBD3F6}.Release|Any CPU.Build.0 = Release|Any CPU
		{01DCD4D5-FD00-4447-AF2E-85B4C5FBD3F6}.Release|x86.ActiveCfg = Release|Any CPU
		{01DCD4D5-FD00-4447-AF2E-85B4C5FBD3F6}.Release|x86.Build.0 = Release|Any CPU
		{FBBB9694-CF15-427A-9AB9-39CC0B6AEA7E}.Debug|Any CPU.ActiveCfg = Debug|Any CPU
		{FBBB9694-CF15-427A-9AB9-39CC0B6AEA7E}.Debug|Any CPU.Build.0 = Debug|Any CPU
		{FBBB9694-CF15-427A-9AB9-39CC0B6AEA7E}.Debug|x86.ActiveCfg = Debug|x86
		{FBBB9694-CF15-427A-9AB9-39CC0B6AEA7E}.Debug|x86.Build.0 = Debug|x86
		{FBBB9694-CF15-427A-9AB9-39CC0B6AEA7E}.DebugCms|Any CPU.ActiveCfg = DebugCms|Any CPU
		{FBBB9694-CF15-427A-9AB9-39CC0B6AEA7E}.DebugCms|Any CPU.Build.0 = DebugCms|Any CPU
		{FBBB9694-CF15-427A-9AB9-39CC0B6AEA7E}.DebugCms|x86.ActiveCfg = DebugCms|x86
		{FBBB9694-CF15-427A-9AB9-39CC0B6AEA7E}.DebugCms|x86.Build.0 = DebugCms|x86
		{FBBB9694-CF15-427A-9AB9-39CC0B6AEA7E}.Dev|Any CPU.ActiveCfg = Dev|Any CPU
		{FBBB9694-CF15-427A-9AB9-39CC0B6AEA7E}.Dev|Any CPU.Build.0 = Dev|Any CPU
		{FBBB9694-CF15-427A-9AB9-39CC0B6AEA7E}.Dev|x86.ActiveCfg = Dev|x86
		{FBBB9694-CF15-427A-9AB9-39CC0B6AEA7E}.Dev|x86.Build.0 = Dev|x86
		{FBBB9694-CF15-427A-9AB9-39CC0B6AEA7E}.Release|Any CPU.ActiveCfg = Release|Any CPU
		{FBBB9694-CF15-427A-9AB9-39CC0B6AEA7E}.Release|Any CPU.Build.0 = Release|Any CPU
		{FBBB9694-CF15-427A-9AB9-39CC0B6AEA7E}.Release|x86.ActiveCfg = Release|x86
		{FBBB9694-CF15-427A-9AB9-39CC0B6AEA7E}.Release|x86.Build.0 = Release|x86
		{3E43F6CA-8A8B-4944-8F62-0009B2492516}.Debug|Any CPU.ActiveCfg = Debug|Any CPU
		{3E43F6CA-8A8B-4944-8F62-0009B2492516}.Debug|Any CPU.Build.0 = Debug|Any CPU
		{3E43F6CA-8A8B-4944-8F62-0009B2492516}.Debug|x86.ActiveCfg = Debug|Any CPU
		{3E43F6CA-8A8B-4944-8F62-0009B2492516}.Debug|x86.Build.0 = Debug|Any CPU
		{3E43F6CA-8A8B-4944-8F62-0009B2492516}.DebugCms|Any CPU.ActiveCfg = DebugCms|Any CPU
		{3E43F6CA-8A8B-4944-8F62-0009B2492516}.DebugCms|Any CPU.Build.0 = DebugCms|Any CPU
		{3E43F6CA-8A8B-4944-8F62-0009B2492516}.DebugCms|x86.ActiveCfg = DebugCms|Any CPU
		{3E43F6CA-8A8B-4944-8F62-0009B2492516}.DebugCms|x86.Build.0 = DebugCms|Any CPU
		{3E43F6CA-8A8B-4944-8F62-0009B2492516}.Dev|Any CPU.ActiveCfg = Dev|Any CPU
		{3E43F6CA-8A8B-4944-8F62-0009B2492516}.Dev|Any CPU.Build.0 = Dev|Any CPU
		{3E43F6CA-8A8B-4944-8F62-0009B2492516}.Dev|x86.ActiveCfg = Dev|Any CPU
		{3E43F6CA-8A8B-4944-8F62-0009B2492516}.Dev|x86.Build.0 = Dev|Any CPU
		{3E43F6CA-8A8B-4944-8F62-0009B2492516}.Release|Any CPU.ActiveCfg = Release|Any CPU
		{3E43F6CA-8A8B-4944-8F62-0009B2492516}.Release|Any CPU.Build.0 = Release|Any CPU
		{3E43F6CA-8A8B-4944-8F62-0009B2492516}.Release|x86.ActiveCfg = Release|Any CPU
		{3E43F6CA-8A8B-4944-8F62-0009B2492516}.Release|x86.Build.0 = Release|Any CPU
		{D6D684A0-5F8A-497F-A738-35D57C5ACF35}.Debug|Any CPU.ActiveCfg = Debug|Any CPU
		{D6D684A0-5F8A-497F-A738-35D57C5ACF35}.Debug|Any CPU.Build.0 = Debug|Any CPU
		{D6D684A0-5F8A-497F-A738-35D57C5ACF35}.Debug|x86.ActiveCfg = Debug|Any CPU
		{D6D684A0-5F8A-497F-A738-35D57C5ACF35}.Debug|x86.Build.0 = Debug|Any CPU
		{D6D684A0-5F8A-497F-A738-35D57C5ACF35}.DebugCms|Any CPU.ActiveCfg = DebugCms|Any CPU
		{D6D684A0-5F8A-497F-A738-35D57C5ACF35}.DebugCms|Any CPU.Build.0 = DebugCms|Any CPU
		{D6D684A0-5F8A-497F-A738-35D57C5ACF35}.DebugCms|x86.ActiveCfg = DebugCms|Any CPU
		{D6D684A0-5F8A-497F-A738-35D57C5ACF35}.DebugCms|x86.Build.0 = DebugCms|Any CPU
		{D6D684A0-5F8A-497F-A738-35D57C5ACF35}.Dev|Any CPU.ActiveCfg = Dev|Any CPU
		{D6D684A0-5F8A-497F-A738-35D57C5ACF35}.Dev|Any CPU.Build.0 = Dev|Any CPU
		{D6D684A0-5F8A-497F-A738-35D57C5ACF35}.Dev|x86.ActiveCfg = Dev|Any CPU
		{D6D684A0-5F8A-497F-A738-35D57C5ACF35}.Dev|x86.Build.0 = Dev|Any CPU
		{D6D684A0-5F8A-497F-A738-35D57C5ACF35}.Release|Any CPU.ActiveCfg = Release|Any CPU
		{D6D684A0-5F8A-497F-A738-35D57C5ACF35}.Release|Any CPU.Build.0 = Release|Any CPU
		{D6D684A0-5F8A-497F-A738-35D57C5ACF35}.Release|x86.ActiveCfg = Release|Any CPU
		{D6D684A0-5F8A-497F-A738-35D57C5ACF35}.Release|x86.Build.0 = Release|Any CPU
		{91F73305-FBC1-4CE9-BA2C-93D44F552722}.Debug|Any CPU.ActiveCfg = Debug|Any CPU
		{91F73305-FBC1-4CE9-BA2C-93D44F552722}.Debug|Any CPU.Build.0 = Debug|Any CPU
		{91F73305-FBC1-4CE9-BA2C-93D44F552722}.Debug|x86.ActiveCfg = Debug|Any CPU
		{91F73305-FBC1-4CE9-BA2C-93D44F552722}.Debug|x86.Build.0 = Debug|Any CPU
		{91F73305-FBC1-4CE9-BA2C-93D44F552722}.DebugCms|Any CPU.ActiveCfg = DebugCms|Any CPU
		{91F73305-FBC1-4CE9-BA2C-93D44F552722}.DebugCms|Any CPU.Build.0 = DebugCms|Any CPU
		{91F73305-FBC1-4CE9-BA2C-93D44F552722}.DebugCms|x86.ActiveCfg = DebugCms|Any CPU
		{91F73305-FBC1-4CE9-BA2C-93D44F552722}.DebugCms|x86.Build.0 = DebugCms|Any CPU
		{91F73305-FBC1-4CE9-BA2C-93D44F552722}.Dev|Any CPU.ActiveCfg = Dev|Any CPU
		{91F73305-FBC1-4CE9-BA2C-93D44F552722}.Dev|Any CPU.Build.0 = Dev|Any CPU
		{91F73305-FBC1-4CE9-BA2C-93D44F552722}.Dev|x86.ActiveCfg = Dev|Any CPU
		{91F73305-FBC1-4CE9-BA2C-93D44F552722}.Dev|x86.Build.0 = Dev|Any CPU
		{91F73305-FBC1-4CE9-BA2C-93D44F552722}.Release|Any CPU.ActiveCfg = Release|Any CPU
		{91F73305-FBC1-4CE9-BA2C-93D44F552722}.Release|Any CPU.Build.0 = Release|Any CPU
		{91F73305-FBC1-4CE9-BA2C-93D44F552722}.Release|x86.ActiveCfg = Release|Any CPU
		{91F73305-FBC1-4CE9-BA2C-93D44F552722}.Release|x86.Build.0 = Release|Any CPU
		{3C714079-9678-4E1E-A6E4-6EB07D02AD33}.Debug|Any CPU.ActiveCfg = Debug|Any CPU
		{3C714079-9678-4E1E-A6E4-6EB07D02AD33}.Debug|Any CPU.Build.0 = Debug|Any CPU
		{3C714079-9678-4E1E-A6E4-6EB07D02AD33}.Debug|x86.ActiveCfg = Debug|Any CPU
		{3C714079-9678-4E1E-A6E4-6EB07D02AD33}.Debug|x86.Build.0 = Debug|Any CPU
		{3C714079-9678-4E1E-A6E4-6EB07D02AD33}.DebugCms|Any CPU.ActiveCfg = DebugCms|Any CPU
		{3C714079-9678-4E1E-A6E4-6EB07D02AD33}.DebugCms|Any CPU.Build.0 = DebugCms|Any CPU
		{3C714079-9678-4E1E-A6E4-6EB07D02AD33}.DebugCms|x86.ActiveCfg = DebugCms|Any CPU
		{3C714079-9678-4E1E-A6E4-6EB07D02AD33}.DebugCms|x86.Build.0 = DebugCms|Any CPU
		{3C714079-9678-4E1E-A6E4-6EB07D02AD33}.Dev|Any CPU.ActiveCfg = Dev|Any CPU
		{3C714079-9678-4E1E-A6E4-6EB07D02AD33}.Dev|Any CPU.Build.0 = Dev|Any CPU
		{3C714079-9678-4E1E-A6E4-6EB07D02AD33}.Dev|x86.ActiveCfg = Dev|Any CPU
		{3C714079-9678-4E1E-A6E4-6EB07D02AD33}.Dev|x86.Build.0 = Dev|Any CPU
		{3C714079-9678-4E1E-A6E4-6EB07D02AD33}.Release|Any CPU.ActiveCfg = Release|Any CPU
		{3C714079-9678-4E1E-A6E4-6EB07D02AD33}.Release|Any CPU.Build.0 = Release|Any CPU
		{3C714079-9678-4E1E-A6E4-6EB07D02AD33}.Release|x86.ActiveCfg = Release|Any CPU
		{3C714079-9678-4E1E-A6E4-6EB07D02AD33}.Release|x86.Build.0 = Release|Any CPU
		{33BA442F-0EF9-4E2F-8424-5DBEE4AEAB3A}.Debug|Any CPU.ActiveCfg = Debug|Any CPU
		{33BA442F-0EF9-4E2F-8424-5DBEE4AEAB3A}.Debug|Any CPU.Build.0 = Debug|Any CPU
		{33BA442F-0EF9-4E2F-8424-5DBEE4AEAB3A}.Debug|x86.ActiveCfg = Debug|Any CPU
		{33BA442F-0EF9-4E2F-8424-5DBEE4AEAB3A}.Debug|x86.Build.0 = Debug|Any CPU
		{33BA442F-0EF9-4E2F-8424-5DBEE4AEAB3A}.DebugCms|Any CPU.ActiveCfg = DebugCms|Any CPU
		{33BA442F-0EF9-4E2F-8424-5DBEE4AEAB3A}.DebugCms|Any CPU.Build.0 = DebugCms|Any CPU
		{33BA442F-0EF9-4E2F-8424-5DBEE4AEAB3A}.DebugCms|x86.ActiveCfg = DebugCms|Any CPU
		{33BA442F-0EF9-4E2F-8424-5DBEE4AEAB3A}.DebugCms|x86.Build.0 = DebugCms|Any CPU
		{33BA442F-0EF9-4E2F-8424-5DBEE4AEAB3A}.Dev|Any CPU.ActiveCfg = Dev|Any CPU
		{33BA442F-0EF9-4E2F-8424-5DBEE4AEAB3A}.Dev|Any CPU.Build.0 = Dev|Any CPU
		{33BA442F-0EF9-4E2F-8424-5DBEE4AEAB3A}.Dev|x86.ActiveCfg = Dev|Any CPU
		{33BA442F-0EF9-4E2F-8424-5DBEE4AEAB3A}.Dev|x86.Build.0 = Dev|Any CPU
		{33BA442F-0EF9-4E2F-8424-5DBEE4AEAB3A}.Release|Any CPU.ActiveCfg = Release|Any CPU
		{33BA442F-0EF9-4E2F-8424-5DBEE4AEAB3A}.Release|Any CPU.Build.0 = Release|Any CPU
		{33BA442F-0EF9-4E2F-8424-5DBEE4AEAB3A}.Release|x86.ActiveCfg = Release|Any CPU
		{33BA442F-0EF9-4E2F-8424-5DBEE4AEAB3A}.Release|x86.Build.0 = Release|Any CPU
		{604A4CE4-92DC-4692-B257-B0DDA86F38C4}.Debug|Any CPU.ActiveCfg = Debug|Any CPU
		{604A4CE4-92DC-4692-B257-B0DDA86F38C4}.Debug|Any CPU.Build.0 = Debug|Any CPU
		{604A4CE4-92DC-4692-B257-B0DDA86F38C4}.Debug|x86.ActiveCfg = Debug|Any CPU
		{604A4CE4-92DC-4692-B257-B0DDA86F38C4}.Debug|x86.Build.0 = Debug|Any CPU
		{604A4CE4-92DC-4692-B257-B0DDA86F38C4}.DebugCms|Any CPU.ActiveCfg = DebugCms|Any CPU
		{604A4CE4-92DC-4692-B257-B0DDA86F38C4}.DebugCms|Any CPU.Build.0 = DebugCms|Any CPU
		{604A4CE4-92DC-4692-B257-B0DDA86F38C4}.DebugCms|x86.ActiveCfg = DebugCms|Any CPU
		{604A4CE4-92DC-4692-B257-B0DDA86F38C4}.DebugCms|x86.Build.0 = DebugCms|Any CPU
		{604A4CE4-92DC-4692-B257-B0DDA86F38C4}.Dev|Any CPU.ActiveCfg = Dev|Any CPU
		{604A4CE4-92DC-4692-B257-B0DDA86F38C4}.Dev|Any CPU.Build.0 = Dev|Any CPU
		{604A4CE4-92DC-4692-B257-B0DDA86F38C4}.Dev|x86.ActiveCfg = Dev|Any CPU
		{604A4CE4-92DC-4692-B257-B0DDA86F38C4}.Dev|x86.Build.0 = Dev|Any CPU
		{604A4CE4-92DC-4692-B257-B0DDA86F38C4}.Release|Any CPU.ActiveCfg = Release|Any CPU
		{604A4CE4-92DC-4692-B257-B0DDA86F38C4}.Release|Any CPU.Build.0 = Release|Any CPU
		{604A4CE4-92DC-4692-B257-B0DDA86F38C4}.Release|x86.ActiveCfg = Release|Any CPU
		{604A4CE4-92DC-4692-B257-B0DDA86F38C4}.Release|x86.Build.0 = Release|Any CPU
		{90E55E80-F4A9-4E1F-B122-2F4F96572547}.Debug|Any CPU.ActiveCfg = Debug|Any CPU
		{90E55E80-F4A9-4E1F-B122-2F4F96572547}.Debug|Any CPU.Build.0 = Debug|Any CPU
		{90E55E80-F4A9-4E1F-B122-2F4F96572547}.Debug|x86.ActiveCfg = Debug|Any CPU
		{90E55E80-F4A9-4E1F-B122-2F4F96572547}.Debug|x86.Build.0 = Debug|Any CPU
		{90E55E80-F4A9-4E1F-B122-2F4F96572547}.DebugCms|Any CPU.ActiveCfg = DebugCms|Any CPU
		{90E55E80-F4A9-4E1F-B122-2F4F96572547}.DebugCms|Any CPU.Build.0 = DebugCms|Any CPU
		{90E55E80-F4A9-4E1F-B122-2F4F96572547}.DebugCms|x86.ActiveCfg = DebugCms|Any CPU
		{90E55E80-F4A9-4E1F-B122-2F4F96572547}.DebugCms|x86.Build.0 = DebugCms|Any CPU
		{90E55E80-F4A9-4E1F-B122-2F4F96572547}.Dev|Any CPU.ActiveCfg = Dev|Any CPU
		{90E55E80-F4A9-4E1F-B122-2F4F96572547}.Dev|Any CPU.Build.0 = Dev|Any CPU
		{90E55E80-F4A9-4E1F-B122-2F4F96572547}.Dev|x86.ActiveCfg = Dev|Any CPU
		{90E55E80-F4A9-4E1F-B122-2F4F96572547}.Dev|x86.Build.0 = Dev|Any CPU
		{90E55E80-F4A9-4E1F-B122-2F4F96572547}.Release|Any CPU.ActiveCfg = Release|Any CPU
		{90E55E80-F4A9-4E1F-B122-2F4F96572547}.Release|Any CPU.Build.0 = Release|Any CPU
		{90E55E80-F4A9-4E1F-B122-2F4F96572547}.Release|x86.ActiveCfg = Release|Any CPU
		{90E55E80-F4A9-4E1F-B122-2F4F96572547}.Release|x86.Build.0 = Release|Any CPU
		{A3AA1D79-08D6-490D-BBA5-959A1E91B96D}.Debug|Any CPU.ActiveCfg = Debug|Any CPU
		{A3AA1D79-08D6-490D-BBA5-959A1E91B96D}.Debug|Any CPU.Build.0 = Debug|Any CPU
		{A3AA1D79-08D6-490D-BBA5-959A1E91B96D}.Debug|x86.ActiveCfg = Debug|Any CPU
		{A3AA1D79-08D6-490D-BBA5-959A1E91B96D}.Debug|x86.Build.0 = Debug|Any CPU
		{A3AA1D79-08D6-490D-BBA5-959A1E91B96D}.DebugCms|Any CPU.ActiveCfg = DebugCms|Any CPU
		{A3AA1D79-08D6-490D-BBA5-959A1E91B96D}.DebugCms|Any CPU.Build.0 = DebugCms|Any CPU
		{A3AA1D79-08D6-490D-BBA5-959A1E91B96D}.DebugCms|x86.ActiveCfg = DebugCms|Any CPU
		{A3AA1D79-08D6-490D-BBA5-959A1E91B96D}.DebugCms|x86.Build.0 = DebugCms|Any CPU
		{A3AA1D79-08D6-490D-BBA5-959A1E91B96D}.Dev|Any CPU.ActiveCfg = Dev|Any CPU
		{A3AA1D79-08D6-490D-BBA5-959A1E91B96D}.Dev|Any CPU.Build.0 = Dev|Any CPU
		{A3AA1D79-08D6-490D-BBA5-959A1E91B96D}.Dev|x86.ActiveCfg = Dev|Any CPU
		{A3AA1D79-08D6-490D-BBA5-959A1E91B96D}.Dev|x86.Build.0 = Dev|Any CPU
		{A3AA1D79-08D6-490D-BBA5-959A1E91B96D}.Release|Any CPU.ActiveCfg = Release|Any CPU
		{A3AA1D79-08D6-490D-BBA5-959A1E91B96D}.Release|Any CPU.Build.0 = Release|Any CPU
		{A3AA1D79-08D6-490D-BBA5-959A1E91B96D}.Release|x86.ActiveCfg = Release|Any CPU
		{A3AA1D79-08D6-490D-BBA5-959A1E91B96D}.Release|x86.Build.0 = Release|Any CPU
		{140BA15F-DC72-4687-BCFE-3C89B8DFA58E}.Debug|Any CPU.ActiveCfg = Debug|Any CPU
		{140BA15F-DC72-4687-BCFE-3C89B8DFA58E}.Debug|Any CPU.Build.0 = Debug|Any CPU
		{140BA15F-DC72-4687-BCFE-3C89B8DFA58E}.Debug|x86.ActiveCfg = Debug|Any CPU
		{140BA15F-DC72-4687-BCFE-3C89B8DFA58E}.Debug|x86.Build.0 = Debug|Any CPU
		{140BA15F-DC72-4687-BCFE-3C89B8DFA58E}.DebugCms|Any CPU.ActiveCfg = Debug|Any CPU
		{140BA15F-DC72-4687-BCFE-3C89B8DFA58E}.DebugCms|Any CPU.Build.0 = Debug|Any CPU
		{140BA15F-DC72-4687-BCFE-3C89B8DFA58E}.DebugCms|x86.ActiveCfg = Debug|Any CPU
		{140BA15F-DC72-4687-BCFE-3C89B8DFA58E}.DebugCms|x86.Build.0 = Debug|Any CPU
		{140BA15F-DC72-4687-BCFE-3C89B8DFA58E}.Dev|Any CPU.ActiveCfg = Dev|Any CPU
		{140BA15F-DC72-4687-BCFE-3C89B8DFA58E}.Dev|Any CPU.Build.0 = Dev|Any CPU
		{140BA15F-DC72-4687-BCFE-3C89B8DFA58E}.Dev|x86.ActiveCfg = Dev|Any CPU
		{140BA15F-DC72-4687-BCFE-3C89B8DFA58E}.Dev|x86.Build.0 = Dev|Any CPU
		{140BA15F-DC72-4687-BCFE-3C89B8DFA58E}.Release|Any CPU.ActiveCfg = Release|Any CPU
		{140BA15F-DC72-4687-BCFE-3C89B8DFA58E}.Release|Any CPU.Build.0 = Release|Any CPU
		{140BA15F-DC72-4687-BCFE-3C89B8DFA58E}.Release|x86.ActiveCfg = Release|Any CPU
		{140BA15F-DC72-4687-BCFE-3C89B8DFA58E}.Release|x86.Build.0 = Release|Any CPU
		{C4785D19-A9A9-43F5-881C-5706987A260B}.Debug|Any CPU.ActiveCfg = Debug|Any CPU
		{C4785D19-A9A9-43F5-881C-5706987A260B}.Debug|Any CPU.Build.0 = Debug|Any CPU
		{C4785D19-A9A9-43F5-881C-5706987A260B}.Debug|x86.ActiveCfg = Debug|Any CPU
		{C4785D19-A9A9-43F5-881C-5706987A260B}.Debug|x86.Build.0 = Debug|Any CPU
		{C4785D19-A9A9-43F5-881C-5706987A260B}.DebugCms|Any CPU.ActiveCfg = DebugCms|Any CPU
		{C4785D19-A9A9-43F5-881C-5706987A260B}.DebugCms|Any CPU.Build.0 = DebugCms|Any CPU
		{C4785D19-A9A9-43F5-881C-5706987A260B}.DebugCms|x86.ActiveCfg = DebugCms|Any CPU
		{C4785D19-A9A9-43F5-881C-5706987A260B}.DebugCms|x86.Build.0 = DebugCms|Any CPU
		{C4785D19-A9A9-43F5-881C-5706987A260B}.Dev|Any CPU.ActiveCfg = Debug|Any CPU
		{C4785D19-A9A9-43F5-881C-5706987A260B}.Dev|Any CPU.Build.0 = Debug|Any CPU
		{C4785D19-A9A9-43F5-881C-5706987A260B}.Dev|x86.ActiveCfg = Debug|Any CPU
		{C4785D19-A9A9-43F5-881C-5706987A260B}.Dev|x86.Build.0 = Debug|Any CPU
		{C4785D19-A9A9-43F5-881C-5706987A260B}.Release|Any CPU.ActiveCfg = Release|Any CPU
		{C4785D19-A9A9-43F5-881C-5706987A260B}.Release|Any CPU.Build.0 = Release|Any CPU
		{C4785D19-A9A9-43F5-881C-5706987A260B}.Release|x86.ActiveCfg = Release|Any CPU
		{C4785D19-A9A9-43F5-881C-5706987A260B}.Release|x86.Build.0 = Release|Any CPU
		{D723021C-3CC4-4341-A9AC-E4B4C1CB3582}.Debug|Any CPU.ActiveCfg = Debug|Any CPU
		{D723021C-3CC4-4341-A9AC-E4B4C1CB3582}.Debug|Any CPU.Build.0 = Debug|Any CPU
		{D723021C-3CC4-4341-A9AC-E4B4C1CB3582}.Debug|x86.ActiveCfg = Debug|Any CPU
		{D723021C-3CC4-4341-A9AC-E4B4C1CB3582}.Debug|x86.Build.0 = Debug|Any CPU
		{D723021C-3CC4-4341-A9AC-E4B4C1CB3582}.DebugCms|Any CPU.ActiveCfg = Debug|Any CPU
		{D723021C-3CC4-4341-A9AC-E4B4C1CB3582}.DebugCms|Any CPU.Build.0 = Debug|Any CPU
		{D723021C-3CC4-4341-A9AC-E4B4C1CB3582}.DebugCms|x86.ActiveCfg = Debug|Any CPU
		{D723021C-3CC4-4341-A9AC-E4B4C1CB3582}.DebugCms|x86.Build.0 = Debug|Any CPU
		{D723021C-3CC4-4341-A9AC-E4B4C1CB3582}.Dev|Any CPU.ActiveCfg = Debug|Any CPU
		{D723021C-3CC4-4341-A9AC-E4B4C1CB3582}.Dev|Any CPU.Build.0 = Debug|Any CPU
		{D723021C-3CC4-4341-A9AC-E4B4C1CB3582}.Dev|x86.ActiveCfg = Debug|Any CPU
		{D723021C-3CC4-4341-A9AC-E4B4C1CB3582}.Dev|x86.Build.0 = Debug|Any CPU
		{D723021C-3CC4-4341-A9AC-E4B4C1CB3582}.Release|Any CPU.ActiveCfg = Release|Any CPU
		{D723021C-3CC4-4341-A9AC-E4B4C1CB3582}.Release|Any CPU.Build.0 = Release|Any CPU
		{D723021C-3CC4-4341-A9AC-E4B4C1CB3582}.Release|x86.ActiveCfg = Release|Any CPU
		{D723021C-3CC4-4341-A9AC-E4B4C1CB3582}.Release|x86.Build.0 = Release|Any CPU
		{6F676975-D5E7-4F95-AEE7-A32D70F45AD4}.Debug|Any CPU.ActiveCfg = Debug|Any CPU
		{6F676975-D5E7-4F95-AEE7-A32D70F45AD4}.Debug|Any CPU.Build.0 = Debug|Any CPU
		{6F676975-D5E7-4F95-AEE7-A32D70F45AD4}.Debug|x86.ActiveCfg = Debug|Any CPU
		{6F676975-D5E7-4F95-AEE7-A32D70F45AD4}.Debug|x86.Build.0 = Debug|Any CPU
		{6F676975-D5E7-4F95-AEE7-A32D70F45AD4}.DebugCms|Any CPU.ActiveCfg = Debug|Any CPU
		{6F676975-D5E7-4F95-AEE7-A32D70F45AD4}.DebugCms|Any CPU.Build.0 = Debug|Any CPU
		{6F676975-D5E7-4F95-AEE7-A32D70F45AD4}.DebugCms|x86.ActiveCfg = Debug|Any CPU
		{6F676975-D5E7-4F95-AEE7-A32D70F45AD4}.DebugCms|x86.Build.0 = Debug|Any CPU
		{6F676975-D5E7-4F95-AEE7-A32D70F45AD4}.Dev|Any CPU.ActiveCfg = Debug|Any CPU
		{6F676975-D5E7-4F95-AEE7-A32D70F45AD4}.Dev|Any CPU.Build.0 = Debug|Any CPU
		{6F676975-D5E7-4F95-AEE7-A32D70F45AD4}.Dev|x86.ActiveCfg = Debug|Any CPU
		{6F676975-D5E7-4F95-AEE7-A32D70F45AD4}.Dev|x86.Build.0 = Debug|Any CPU
		{6F676975-D5E7-4F95-AEE7-A32D70F45AD4}.Release|Any CPU.ActiveCfg = Release|Any CPU
		{6F676975-D5E7-4F95-AEE7-A32D70F45AD4}.Release|Any CPU.Build.0 = Release|Any CPU
		{6F676975-D5E7-4F95-AEE7-A32D70F45AD4}.Release|x86.ActiveCfg = Release|Any CPU
		{6F676975-D5E7-4F95-AEE7-A32D70F45AD4}.Release|x86.Build.0 = Release|Any CPU
		{9242B34E-3573-4188-9E13-D10946B40C4A}.Debug|Any CPU.ActiveCfg = Debug|Any CPU
		{9242B34E-3573-4188-9E13-D10946B40C4A}.Debug|Any CPU.Build.0 = Debug|Any CPU
		{9242B34E-3573-4188-9E13-D10946B40C4A}.Debug|x86.ActiveCfg = Debug|Any CPU
		{9242B34E-3573-4188-9E13-D10946B40C4A}.Debug|x86.Build.0 = Debug|Any CPU
		{9242B34E-3573-4188-9E13-D10946B40C4A}.DebugCms|Any CPU.ActiveCfg = Debug|Any CPU
		{9242B34E-3573-4188-9E13-D10946B40C4A}.DebugCms|Any CPU.Build.0 = Debug|Any CPU
		{9242B34E-3573-4188-9E13-D10946B40C4A}.DebugCms|x86.ActiveCfg = Debug|Any CPU
		{9242B34E-3573-4188-9E13-D10946B40C4A}.DebugCms|x86.Build.0 = Debug|Any CPU
		{9242B34E-3573-4188-9E13-D10946B40C4A}.Dev|Any CPU.ActiveCfg = Debug|Any CPU
		{9242B34E-3573-4188-9E13-D10946B40C4A}.Dev|Any CPU.Build.0 = Debug|Any CPU
		{9242B34E-3573-4188-9E13-D10946B40C4A}.Dev|x86.ActiveCfg = Debug|Any CPU
		{9242B34E-3573-4188-9E13-D10946B40C4A}.Dev|x86.Build.0 = Debug|Any CPU
		{9242B34E-3573-4188-9E13-D10946B40C4A}.Release|Any CPU.ActiveCfg = Release|Any CPU
		{9242B34E-3573-4188-9E13-D10946B40C4A}.Release|Any CPU.Build.0 = Release|Any CPU
		{9242B34E-3573-4188-9E13-D10946B40C4A}.Release|x86.ActiveCfg = Release|Any CPU
		{9242B34E-3573-4188-9E13-D10946B40C4A}.Release|x86.Build.0 = Release|Any CPU
		{796EDB4E-9B32-4AFE-BA7F-38BCD6096B5B}.Debug|Any CPU.ActiveCfg = Debug|Any CPU
		{796EDB4E-9B32-4AFE-BA7F-38BCD6096B5B}.Debug|Any CPU.Build.0 = Debug|Any CPU
		{796EDB4E-9B32-4AFE-BA7F-38BCD6096B5B}.Debug|x86.ActiveCfg = Debug|Any CPU
		{796EDB4E-9B32-4AFE-BA7F-38BCD6096B5B}.Debug|x86.Build.0 = Debug|Any CPU
		{796EDB4E-9B32-4AFE-BA7F-38BCD6096B5B}.DebugCms|Any CPU.ActiveCfg = Debug|Any CPU
		{796EDB4E-9B32-4AFE-BA7F-38BCD6096B5B}.DebugCms|Any CPU.Build.0 = Debug|Any CPU
		{796EDB4E-9B32-4AFE-BA7F-38BCD6096B5B}.DebugCms|x86.ActiveCfg = Debug|Any CPU
		{796EDB4E-9B32-4AFE-BA7F-38BCD6096B5B}.DebugCms|x86.Build.0 = Debug|Any CPU
		{796EDB4E-9B32-4AFE-BA7F-38BCD6096B5B}.Dev|Any CPU.ActiveCfg = Debug|Any CPU
		{796EDB4E-9B32-4AFE-BA7F-38BCD6096B5B}.Dev|Any CPU.Build.0 = Debug|Any CPU
		{796EDB4E-9B32-4AFE-BA7F-38BCD6096B5B}.Dev|x86.ActiveCfg = Debug|Any CPU
		{796EDB4E-9B32-4AFE-BA7F-38BCD6096B5B}.Dev|x86.Build.0 = Debug|Any CPU
		{796EDB4E-9B32-4AFE-BA7F-38BCD6096B5B}.Release|Any CPU.ActiveCfg = Release|Any CPU
		{796EDB4E-9B32-4AFE-BA7F-38BCD6096B5B}.Release|Any CPU.Build.0 = Release|Any CPU
		{796EDB4E-9B32-4AFE-BA7F-38BCD6096B5B}.Release|x86.ActiveCfg = Release|Any CPU
		{796EDB4E-9B32-4AFE-BA7F-38BCD6096B5B}.Release|x86.Build.0 = Release|Any CPU
		{29E485C4-08B9-47E7-84E3-9690DBC8A9CB}.Debug|Any CPU.ActiveCfg = Debug|Any CPU
		{29E485C4-08B9-47E7-84E3-9690DBC8A9CB}.Debug|Any CPU.Build.0 = Debug|Any CPU
		{29E485C4-08B9-47E7-84E3-9690DBC8A9CB}.Debug|x86.ActiveCfg = Debug|Any CPU
		{29E485C4-08B9-47E7-84E3-9690DBC8A9CB}.Debug|x86.Build.0 = Debug|Any CPU
		{29E485C4-08B9-47E7-84E3-9690DBC8A9CB}.DebugCms|Any CPU.ActiveCfg = Debug|Any CPU
		{29E485C4-08B9-47E7-84E3-9690DBC8A9CB}.DebugCms|Any CPU.Build.0 = Debug|Any CPU
		{29E485C4-08B9-47E7-84E3-9690DBC8A9CB}.DebugCms|x86.ActiveCfg = Debug|Any CPU
		{29E485C4-08B9-47E7-84E3-9690DBC8A9CB}.DebugCms|x86.Build.0 = Debug|Any CPU
		{29E485C4-08B9-47E7-84E3-9690DBC8A9CB}.Dev|Any CPU.ActiveCfg = Debug|Any CPU
		{29E485C4-08B9-47E7-84E3-9690DBC8A9CB}.Dev|Any CPU.Build.0 = Debug|Any CPU
		{29E485C4-08B9-47E7-84E3-9690DBC8A9CB}.Dev|x86.ActiveCfg = Debug|Any CPU
		{29E485C4-08B9-47E7-84E3-9690DBC8A9CB}.Dev|x86.Build.0 = Debug|Any CPU
		{29E485C4-08B9-47E7-84E3-9690DBC8A9CB}.Release|Any CPU.ActiveCfg = Release|Any CPU
		{29E485C4-08B9-47E7-84E3-9690DBC8A9CB}.Release|Any CPU.Build.0 = Release|Any CPU
		{29E485C4-08B9-47E7-84E3-9690DBC8A9CB}.Release|x86.ActiveCfg = Release|Any CPU
		{29E485C4-08B9-47E7-84E3-9690DBC8A9CB}.Release|x86.Build.0 = Release|Any CPU
		{22D6CD05-3AC0-425B-804B-8F94FF448937}.Debug|Any CPU.ActiveCfg = Debug|Any CPU
		{22D6CD05-3AC0-425B-804B-8F94FF448937}.Debug|Any CPU.Build.0 = Debug|Any CPU
		{22D6CD05-3AC0-425B-804B-8F94FF448937}.Debug|x86.ActiveCfg = Debug|Any CPU
		{22D6CD05-3AC0-425B-804B-8F94FF448937}.Debug|x86.Build.0 = Debug|Any CPU
		{22D6CD05-3AC0-425B-804B-8F94FF448937}.DebugCms|Any CPU.ActiveCfg = DebugCms|Any CPU
		{22D6CD05-3AC0-425B-804B-8F94FF448937}.DebugCms|Any CPU.Build.0 = DebugCms|Any CPU
		{22D6CD05-3AC0-425B-804B-8F94FF448937}.DebugCms|x86.ActiveCfg = DebugCms|Any CPU
		{22D6CD05-3AC0-425B-804B-8F94FF448937}.DebugCms|x86.Build.0 = DebugCms|Any CPU
		{22D6CD05-3AC0-425B-804B-8F94FF448937}.Dev|Any CPU.ActiveCfg = Dev|Any CPU
		{22D6CD05-3AC0-425B-804B-8F94FF448937}.Dev|Any CPU.Build.0 = Dev|Any CPU
		{22D6CD05-3AC0-425B-804B-8F94FF448937}.Dev|x86.ActiveCfg = Dev|Any CPU
		{22D6CD05-3AC0-425B-804B-8F94FF448937}.Dev|x86.Build.0 = Dev|Any CPU
		{22D6CD05-3AC0-425B-804B-8F94FF448937}.Release|Any CPU.ActiveCfg = Release|Any CPU
		{22D6CD05-3AC0-425B-804B-8F94FF448937}.Release|Any CPU.Build.0 = Release|Any CPU
		{22D6CD05-3AC0-425B-804B-8F94FF448937}.Release|x86.ActiveCfg = Release|Any CPU
		{22D6CD05-3AC0-425B-804B-8F94FF448937}.Release|x86.Build.0 = Release|Any CPU
		{749D303E-06A8-4629-BC50-44655F980D52}.Debug|Any CPU.ActiveCfg = Debug|Any CPU
		{749D303E-06A8-4629-BC50-44655F980D52}.Debug|Any CPU.Build.0 = Debug|Any CPU
		{749D303E-06A8-4629-BC50-44655F980D52}.Debug|x86.ActiveCfg = Debug|Any CPU
		{749D303E-06A8-4629-BC50-44655F980D52}.Debug|x86.Build.0 = Debug|Any CPU
		{749D303E-06A8-4629-BC50-44655F980D52}.DebugCms|Any CPU.ActiveCfg = Debug|Any CPU
		{749D303E-06A8-4629-BC50-44655F980D52}.DebugCms|Any CPU.Build.0 = Debug|Any CPU
		{749D303E-06A8-4629-BC50-44655F980D52}.DebugCms|x86.ActiveCfg = Debug|Any CPU
		{749D303E-06A8-4629-BC50-44655F980D52}.DebugCms|x86.Build.0 = Debug|Any CPU
		{749D303E-06A8-4629-BC50-44655F980D52}.Dev|Any CPU.ActiveCfg = Debug|Any CPU
		{749D303E-06A8-4629-BC50-44655F980D52}.Dev|Any CPU.Build.0 = Debug|Any CPU
		{749D303E-06A8-4629-BC50-44655F980D52}.Dev|x86.ActiveCfg = Debug|Any CPU
		{749D303E-06A8-4629-BC50-44655F980D52}.Dev|x86.Build.0 = Debug|Any CPU
		{749D303E-06A8-4629-BC50-44655F980D52}.Release|Any CPU.ActiveCfg = Release|Any CPU
		{749D303E-06A8-4629-BC50-44655F980D52}.Release|Any CPU.Build.0 = Release|Any CPU
		{749D303E-06A8-4629-BC50-44655F980D52}.Release|x86.ActiveCfg = Release|Any CPU
		{749D303E-06A8-4629-BC50-44655F980D52}.Release|x86.Build.0 = Release|Any CPU
		{55DABB39-4C47-40D0-AAB8-69BE5E6AC18B}.Debug|Any CPU.ActiveCfg = Debug|Any CPU
		{55DABB39-4C47-40D0-AAB8-69BE5E6AC18B}.Debug|Any CPU.Build.0 = Debug|Any CPU
		{55DABB39-4C47-40D0-AAB8-69BE5E6AC18B}.Debug|x86.ActiveCfg = Debug|Any CPU
		{55DABB39-4C47-40D0-AAB8-69BE5E6AC18B}.Debug|x86.Build.0 = Debug|Any CPU
		{55DABB39-4C47-40D0-AAB8-69BE5E6AC18B}.DebugCms|Any CPU.ActiveCfg = Debug|Any CPU
		{55DABB39-4C47-40D0-AAB8-69BE5E6AC18B}.DebugCms|Any CPU.Build.0 = Debug|Any CPU
		{55DABB39-4C47-40D0-AAB8-69BE5E6AC18B}.DebugCms|x86.ActiveCfg = Debug|Any CPU
		{55DABB39-4C47-40D0-AAB8-69BE5E6AC18B}.DebugCms|x86.Build.0 = Debug|Any CPU
		{55DABB39-4C47-40D0-AAB8-69BE5E6AC18B}.Dev|Any CPU.ActiveCfg = Debug|Any CPU
		{55DABB39-4C47-40D0-AAB8-69BE5E6AC18B}.Dev|Any CPU.Build.0 = Debug|Any CPU
		{55DABB39-4C47-40D0-AAB8-69BE5E6AC18B}.Dev|x86.ActiveCfg = Debug|Any CPU
		{55DABB39-4C47-40D0-AAB8-69BE5E6AC18B}.Dev|x86.Build.0 = Debug|Any CPU
		{55DABB39-4C47-40D0-AAB8-69BE5E6AC18B}.Release|Any CPU.ActiveCfg = Release|Any CPU
		{55DABB39-4C47-40D0-AAB8-69BE5E6AC18B}.Release|Any CPU.Build.0 = Release|Any CPU
		{55DABB39-4C47-40D0-AAB8-69BE5E6AC18B}.Release|x86.ActiveCfg = Release|Any CPU
		{55DABB39-4C47-40D0-AAB8-69BE5E6AC18B}.Release|x86.Build.0 = Release|Any CPU
	EndGlobalSection
	GlobalSection(SolutionProperties) = preSolution
		HideSolutionNode = FALSE
	EndGlobalSection
	GlobalSection(NestedProjects) = preSolution
		{4043DC50-6168-4E97-A29F-77126CF1F5BA} = {6303C36C-5272-4D74-B11B-3C8B132E17F2}
		{84CED2C0-CEC3-409C-9437-F4A5265F02AC} = {6303C36C-5272-4D74-B11B-3C8B132E17F2}
		{9CB8055E-9FCA-4358-9A83-0D322C6FF2EE} = {6303C36C-5272-4D74-B11B-3C8B132E17F2}
		{D6DFFA00-E56E-4823-B7BA-51E49C7BA2D4} = {6303C36C-5272-4D74-B11B-3C8B132E17F2}
		{75A0C359-65C1-4AE6-BC96-343E28E05EBC} = {6303C36C-5272-4D74-B11B-3C8B132E17F2}
		{7800B6DD-32E5-4296-84B7-E00A6CA80FE5} = {6303C36C-5272-4D74-B11B-3C8B132E17F2}
		{5BF7A63C-80D6-466F-B744-8694C2046DB2} = {6303C36C-5272-4D74-B11B-3C8B132E17F2}
		{C9BD232B-FAD5-4F04-BB8F-0D84419C9288} = {6303C36C-5272-4D74-B11B-3C8B132E17F2}
		{01DCD4D5-FD00-4447-AF2E-85B4C5FBD3F6} = {F74239B8-C54E-491B-A4E2-46599E1357A2}
		{FBBB9694-CF15-427A-9AB9-39CC0B6AEA7E} = {F74239B8-C54E-491B-A4E2-46599E1357A2}
		{3E43F6CA-8A8B-4944-8F62-0009B2492516} = {F74239B8-C54E-491B-A4E2-46599E1357A2}
		{D6D684A0-5F8A-497F-A738-35D57C5ACF35} = {F74239B8-C54E-491B-A4E2-46599E1357A2}
		{91F73305-FBC1-4CE9-BA2C-93D44F552722} = {F74239B8-C54E-491B-A4E2-46599E1357A2}
		{3C714079-9678-4E1E-A6E4-6EB07D02AD33} = {F74239B8-C54E-491B-A4E2-46599E1357A2}
		{33BA442F-0EF9-4E2F-8424-5DBEE4AEAB3A} = {F74239B8-C54E-491B-A4E2-46599E1357A2}
		{604A4CE4-92DC-4692-B257-B0DDA86F38C4} = {F74239B8-C54E-491B-A4E2-46599E1357A2}
		{90E55E80-F4A9-4E1F-B122-2F4F96572547} = {F74239B8-C54E-491B-A4E2-46599E1357A2}
		{A3AA1D79-08D6-490D-BBA5-959A1E91B96D} = {F74239B8-C54E-491B-A4E2-46599E1357A2}
		{C4785D19-A9A9-43F5-881C-5706987A260B} = {F74239B8-C54E-491B-A4E2-46599E1357A2}
		{D723021C-3CC4-4341-A9AC-E4B4C1CB3582} = {6303C36C-5272-4D74-B11B-3C8B132E17F2}
		{6F676975-D5E7-4F95-AEE7-A32D70F45AD4} = {6303C36C-5272-4D74-B11B-3C8B132E17F2}
		{9242B34E-3573-4188-9E13-D10946B40C4A} = {F74239B8-C54E-491B-A4E2-46599E1357A2}
		{796EDB4E-9B32-4AFE-BA7F-38BCD6096B5B} = {6303C36C-5272-4D74-B11B-3C8B132E17F2}
		{29E485C4-08B9-47E7-84E3-9690DBC8A9CB} = {6303C36C-5272-4D74-B11B-3C8B132E17F2}
		{22D6CD05-3AC0-425B-804B-8F94FF448937} = {F74239B8-C54E-491B-A4E2-46599E1357A2}
		{749D303E-06A8-4629-BC50-44655F980D52} = {6303C36C-5272-4D74-B11B-3C8B132E17F2}
		{55DABB39-4C47-40D0-AAB8-69BE5E6AC18B} = {F74239B8-C54E-491B-A4E2-46599E1357A2}
	EndGlobalSection
	GlobalSection(ExtensibilityGlobals) = postSolution
		SolutionGuid = {9A836BA5-ADDA-4C38-A31B-D2F599036DEE}
	EndGlobalSection
EndGlobal
